
Microsoft Visual Studio Solution File, Format Version 12.00
# Visual Studio Version 16
VisualStudioVersion = 16.0.31410.357
MinimumVisualStudioVersion = 10.0.40219.1
Project("{FAE04EC0-301F-11D3-BF4B-00C04F79EFBC}") = "SoftSurfer", "SoftSurfer\SoftSurfer.csproj", "{BC0E295D-336B-4C46-BF34-B7E50543F9C5}"
EndProject
Global
	GlobalSection(SolutionConfigurationPlatforms) = preSolution
		Debug|Any CPU = Debug|Any CPU
		Release|Any CPU = Release|Any CPU
	EndGlobalSection
	GlobalSection(ProjectConfigurationPlatforms) = postSolution
		{BC0E295D-336B-4C46-BF34-B7E50543F9C5}.Debug|Any CPU.ActiveCfg = Debug|Any CPU
		{BC0E295D-336B-4C46-BF34-B7E50543F9C5}.Debug|Any CPU.Build.0 = Debug|Any CPU
		{BC0E295D-336B-4C46-BF34-B7E50543F9C5}.Release|Any CPU.ActiveCfg = Release|Any CPU
		{BC0E295D-336B-4C46-BF34-B7E50543F9C5}.Release|Any CPU.Build.0 = Release|Any CPU
	EndGlobalSection
	GlobalSection(SolutionProperties) = preSolution
		HideSolutionNode = FALSE
	EndGlobalSection
	GlobalSection(ExtensibilityGlobals) = postSolution
		SolutionGuid = {E6E37835-1CF6-435B-9D68-DC25A1C38BB2}
	EndGlobalSection
EndGlobal
